{
  "lockfileVersion": 1,
  "workspaces": {
    "": {
      "name": "tool",
      "dependencies": {
        "@opencode-ai/plugin": "^0.15.19",
        "@qdrant/js-client-rest": "^1.15.1",
      },
      "devDependencies": {
        "@types/bun": "latest",
      },
      "peerDependencies": {
        "typescript": "^5",
      },
    },
  },
  "packages": {
    "@opencode-ai/plugin": ["@opencode-ai/plugin@0.15.19", "", { "dependencies": { "@opencode-ai/sdk": "0.15.19", "zod": "4.1.8" } }, "sha512-QYL+EIjlQG/JH6uyzUF9/mIwQfDPcZktkK+tlJPRoZENfJgMTGxvM+134ISe2wq0SvXTjP3dDBkMiQj5FLHbEQ=="],

    "@opencode-ai/sdk": ["@opencode-ai/sdk@0.15.19", "", {}, "sha512-VFa5q1JYbcrMTVj2T6h9FmzaszuFw67WPZX2cupR9eWewL4p3isyn6EJGCauvKTl6/s0wwGBb59ktbWUIbD8VQ=="],

    "@qdrant/js-client-rest": ["@qdrant/js-client-rest@1.15.1", "", { "dependencies": { "@qdrant/openapi-typescript-fetch": "1.2.6", "@sevinf/maybe": "0.5.0", "undici": "^6.0.0" }, "peerDependencies": { "typescript": ">=4.7" } }, "sha512-FAPMz6Z7RFj9vUun8R9e8SYcX6EkZtdfYfnh5lFXWcjEaat9q/jce1baAJCWAr3k8yHh62HpzCRYOatLVII28g=="],

    "@qdrant/openapi-typescript-fetch": ["@qdrant/openapi-typescript-fetch@1.2.6", "", {}, "sha512-oQG/FejNpItrxRHoyctYvT3rwGZOnK4jr3JdppO/c78ktDvkWiPXPHNsrDf33K9sZdRb6PR7gi4noIapu5q4HA=="],

    "@sevinf/maybe": ["@sevinf/maybe@0.5.0", "", {}, "sha512-ARhyoYDnY1LES3vYI0fiG6e9esWfTNcXcO6+MPJJXcnyMV3bim4lnFt45VXouV7y82F4x3YH8nOQ6VztuvUiWg=="],

    "@types/bun": ["@types/bun@1.3.1", "", { "dependencies": { "bun-types": "1.3.1" } }, "sha512-4jNMk2/K9YJtfqwoAa28c8wK+T7nvJFOjxI4h/7sORWcypRNxBpr+TPNaCfVWq70tLCJsqoFwcf0oI0JU/fvMQ=="],

    "@types/node": ["@types/node@24.9.1", "", { "dependencies": { "undici-types": "~7.16.0" } }, "sha512-QoiaXANRkSXK6p0Duvt56W208du4P9Uye9hWLWgGMDTEoKPhuenzNcC4vGUmrNkiOKTlIrBoyNQYNpSwfEZXSg=="],

    "@types/react": ["@types/react@19.2.2", "", { "dependencies": { "csstype": "^3.0.2" } }, "sha512-6mDvHUFSjyT2B2yeNx2nUgMxh9LtOWvkhIU3uePn2I2oyNymUAX1NIsdgviM4CH+JSrp2D2hsMvJOkxY+0wNRA=="],

    "bun-types": ["bun-types@1.3.1", "", { "dependencies": { "@types/node": "*" }, "peerDependencies": { "@types/react": "^19" } }, "sha512-NMrcy7smratanWJ2mMXdpatalovtxVggkj11bScuWuiOoXTiKIu2eVS1/7qbyI/4yHedtsn175n4Sm4JcdHLXw=="],

    "csstype": ["csstype@3.1.3", "", {}, "sha512-M1uQkMl8rQK/szD0LNhtqxIPLpimGm8sOBwU7lLnCpSbTyY3yeU1Vc7l4KT5zT4s/yOxHH5O7tIuuLOCnLADRw=="],

    "typescript": ["typescript@5.9.3", "", { "bin": { "tsc": "bin/tsc", "tsserver": "bin/tsserver" } }, "sha512-jl1vZzPDinLr9eUt3J/t7V6FgNEw9QjvBPdysz9KfQDD41fQrC2Y4vKQdiaUpFT4bXlb1RHhLpp8wtm6M5TgSw=="],

    "undici": ["undici@6.22.0", "", {}, "sha512-hU/10obOIu62MGYjdskASR3CUAiYaFTtC9Pa6vHyf//mAipSvSQg6od2CnJswq7fvzNS3zJhxoRkgNVaHurWKw=="],

    "undici-types": ["undici-types@7.16.0", "", {}, "sha512-Zz+aZWSj8LE6zoxD+xrjh4VfkIG8Ya6LvYkZqtUQGJPZjYl53ypCaUwWqo7eI0x66KBGeRo+mlBEkMSeSZ38Nw=="],

    "zod": ["zod@4.1.8", "", {}, "sha512-5R1P+WwQqmmMIEACyzSvo4JXHY5WiAFHRMg+zBZKgKS+Q1viRa0C1hmUKtHltoIFKtIdki3pRxkmpP74jnNYHQ=="],
  }
}
